
Microsoft Visual Studio Solution File, Format Version 12.00
# Visual Studio Version 17
VisualStudioVersion = 17.6.33723.286
MinimumVisualStudioVersion = 10.0.40219.1
Project("{8BC9CEB8-8B4A-11D0-8D11-00A0C91BC942}") = "Сlass v10", "Сlass v10\Сlass v10.vcxproj", "{8FEA0271-EA43-4A0F-BF70-2E8D33581471}"
EndProject
Global
	GlobalSection(SolutionConfigurationPlatforms) = preSolution
		Debug|x64 = Debug|x64
		Debug|x86 = Debug|x86
		Release|x64 = Release|x64
		Release|x86 = Release|x86
	EndGlobalSection
	GlobalSection(ProjectConfigurationPlatforms) = postSolution
		{8FEA0271-EA43-4A0F-BF70-2E8D33581471}.Debug|x64.ActiveCfg = Debug|x64
		{8FEA0271-EA43-4A0F-BF70-2E8D33581471}.Debug|x64.Build.0 = Debug|x64
		{8FEA0271-EA43-4A0F-BF70-2E8D33581471}.Debug|x86.ActiveCfg = Debug|Win32
		{8FEA0271-EA43-4A0F-BF70-2E8D33581471}.Debug|x86.Build.0 = Debug|Win32
		{8FEA0271-EA43-4A0F-BF70-2E8D33581471}.Release|x64.ActiveCfg = Release|x64
		{8FEA0271-EA43-4A0F-BF70-2E8D33581471}.Release|x64.Build.0 = Release|x64
		{8FEA0271-EA43-4A0F-BF70-2E8D33581471}.Release|x86.ActiveCfg = Release|Win32
		{8FEA0271-EA43-4A0F-BF70-2E8D33581471}.Release|x86.Build.0 = Release|Win32
	EndGlobalSection
	GlobalSection(SolutionProperties) = preSolution
		HideSolutionNode = FALSE
	EndGlobalSection
	GlobalSection(ExtensibilityGlobals) = postSolution
		SolutionGuid = {B2665AD0-57CE-4C13-A8E3-729116CE2593}
	EndGlobalSection
EndGlobal
